
Microsoft Visual Studio Solution File, Format Version 12.00
# Visual Studio 2013
VisualStudioVersion = 12.0.30501.0
MinimumVisualStudioVersion = 10.0.40219.1
Project("{8BC9CEB8-8B4A-11D0-8D11-00A0C91BC942}") = "Q72", "Q72\Q72.vcxproj", "{8B389344-AEB4-4F7E-8456-AF13076B361A}"
EndProject
Project("{8BC9CEB8-8B4A-11D0-8D11-00A0C91BC942}") = "Q65", "..\Q65\Q65\Q65.vcxproj", "{FBB99F9B-9916-4AFE-9A8E-07A9A2ABAD9D}"
EndProject
Global
	GlobalSection(SolutionConfigurationPlatforms) = preSolution
		Debug|Win32 = Debug|Win32
		Release|Win32 = Release|Win32
	EndGlobalSection
	GlobalSection(ProjectConfigurationPlatforms) = postSolution
		{8B389344-AEB4-4F7E-8456-AF13076B361A}.Debug|Win32.ActiveCfg = Debug|Win32
		{8B389344-AEB4-4F7E-8456-AF13076B361A}.Debug|Win32.Build.0 = Debug|Win32
		{8B389344-AEB4-4F7E-8456-AF13076B361A}.Release|Win32.ActiveCfg = Release|Win32
		{8B389344-AEB4-4F7E-8456-AF13076B361A}.Release|Win32.Build.0 = Release|Win32
		{FBB99F9B-9916-4AFE-9A8E-07A9A2ABAD9D}.Debug|Win32.ActiveCfg = Debug|Win32
		{FBB99F9B-9916-4AFE-9A8E-07A9A2ABAD9D}.Debug|Win32.Build.0 = Debug|Win32
		{FBB99F9B-9916-4AFE-9A8E-07A9A2ABAD9D}.Release|Win32.ActiveCfg = Release|Win32
		{FBB99F9B-9916-4AFE-9A8E-07A9A2ABAD9D}.Release|Win32.Build.0 = Release|Win32
	EndGlobalSection
	GlobalSection(SolutionProperties) = preSolution
		HideSolutionNode = FALSE
	EndGlobalSection
EndGlobal
